
Microsoft Visual Studio Solution File, Format Version 12.00
# Visual Studio Version 16
VisualStudioVersion = 16.0.28803.352
MinimumVisualStudioVersion = 10.0.40219.1
Project("{FAE04EC0-301F-11D3-BF4B-00C04F79EFBC}") = "Profilrechner", "Profilrechner\Profilrechner.csproj", "{3B9DA63D-686A-4AC6-82B1-3C01B0B8B11C}"
EndProject
Global
	GlobalSection(SolutionConfigurationPlatforms) = preSolution
		Debug|Any CPU = Debug|Any CPU
		Release|Any CPU = Release|Any CPU
	EndGlobalSection
	GlobalSection(ProjectConfigurationPlatforms) = postSolution
		{3B9DA63D-686A-4AC6-82B1-3C01B0B8B11C}.Debug|Any CPU.ActiveCfg = Debug|Any CPU
		{3B9DA63D-686A-4AC6-82B1-3C01B0B8B11C}.Debug|Any CPU.Build.0 = Debug|Any CPU
		{3B9DA63D-686A-4AC6-82B1-3C01B0B8B11C}.Release|Any CPU.ActiveCfg = Release|Any CPU
		{3B9DA63D-686A-4AC6-82B1-3C01B0B8B11C}.Release|Any CPU.Build.0 = Release|Any CPU
	EndGlobalSection
	GlobalSection(SolutionProperties) = preSolution
		HideSolutionNode = FALSE
	EndGlobalSection
	GlobalSection(ExtensibilityGlobals) = postSolution
		SolutionGuid = {C7954840-8874-4C0A-ACD1-1BFD7CD5C0C7}
	EndGlobalSection
EndGlobal
